{
  "name": "outrage-verge-theme-patternfly",
  "version": "1.0.0",
  "lockfileVersion": 1,
  "requires": true,
  "dependencies": {
    "@patternfly/patternfly": {
      "version": "4.210.2",
      "resolved": "https://registry.npmjs.org/@patternfly/patternfly/-/patternfly-4.210.2.tgz",
      "integrity": "sha512-aZiW24Bxi6uVmk5RyNTp+6q6ThtlJZotNRJfWVeGuwu1UlbBuV4DFa1bpjA6jfTZpfEpX2YL5+R+4ZVSCFAVdw=="
    }
  }
}
